services:
    Enhavo\Bundle\BlockBundle\Block\Type\BaseBlockType:
        arguments:
            - '@translator'
            - '@serializer'
        tags:
            - { name: enhavo_block.block }

    Enhavo\Bundle\BlockBundle\Block\Type\GalleryBlockType:
        tags:
            - { name: enhavo_block.block }

    Enhavo\Bundle\BlockBundle\Block\Type\PictureBlockType:
        tags:
            - { name: enhavo_block.block }

    Enhavo\Bundle\BlockBundle\Block\Type\TextBlockType:
        tags:
            - { name: enhavo_block.block }

    Enhavo\Bundle\BlockBundle\Block\Type\TextPictureBlockType:
        tags:
            - { name: enhavo_block.block }

    Enhavo\Bundle\BlockBundle\Block\Type\VideoBlockType:
        arguments:
            - '@service_container'
        tags:
            - { name: enhavo_block.block }

    Enhavo\Bundle\BlockBundle\Block\Type\BlockquoteBlockType:
        tags:
            - { name: enhavo_block.block }

    Enhavo\Bundle\BlockBundle\Block\Type\TemplateBlockType:
        tags:
            - { name: enhavo_block.block }

    Enhavo\Bundle\BlockBundle\Block\Type\OneColumnBlockType:
        tags:
            - { name: enhavo_block.block }

    Enhavo\Bundle\BlockBundle\Block\Type\TwoColumnBlockType:
        tags:
            - { name: enhavo_block.block }

    Enhavo\Bundle\BlockBundle\Block\Type\ThreeColumnBlockType:
        tags:
            - { name: enhavo_block.block }

    Enhavo\Bundle\BlockBundle\Tab\BlockTabType:
        arguments:
            - '@Enhavo\Bundle\ResourceBundle\Action\ActionManager'
        tags:
            - { name: enhavo_resource.tab }
