imports:
    - { resource: '@EnhavoBlockBundle/Resources/config/app/search.yaml' }
    - { resource: '@EnhavoBlockBundle/Resources/config/app/translation.yaml' }

enhavo_block:
    blocks:
        picture:
            type: picture
        gallery:
            type: gallery
        text:
            type: text
        text_picture:
            type: text_picture
        blockquote:
            type: blockquote
        video:
            type: video
        one_column:
            type: one_column
        two_column:
            type: two_column
        three_column:
            type: three_column
        article_list:
            type: article_list
        article_teaser:
            type: article_teaser
        sidebar_column:
            type: sidebar_column
        template:
            type: template
        resource:
            type: resource
        contact:
            type: contact
        calendar:
            type: calendar
        slider:
            type: slider
        newsletter_subscribe:
            type: newsletter_subscribe
        comment:
            type: comment
