# This file is generated by running "yarn install" inside your project.
# Manual changes might be lost - proceed with caution!

__metadata:
  version: 8
  cacheKey: 10c0

"@enhavo/playground-ui@workspace:.":
  version: 0.0.0-use.local
  resolution: "@enhavo/playground-ui@workspace:."
  languageName: unknown
  linkType: soft
